// !$*UTF8*$!
{
	archiveVersion = 1;
	classes = {
	};
	objectVersion = 48;
	objects = {

/* Begin PBXBuildFile section */
		257DFDA11FAE62F500D0577D /* Airplane.swift in Sources */ = {isa = PBXBuildFile; fileRef = 257DFDA01FAE62F500D0577D /* Airplane.swift */; };
		FAC1F61A1FADE2CD008EC84A /* AppDelegate.swift in Sources */ = {isa = PBXBuildFile; fileRef = FAC1F6191FADE2CD008EC84A /* AppDelegate.swift */; };
		FAC1F61C1FADE2CD008EC84A /* art.scnassets in Resources */ = {isa = PBXBuildFile; fileRef = FAC1F61B1FADE2CD008EC84A /* art.scnassets */; };
		FAC1F61E1FADE2CD008EC84A /* ViewController.swift in Sources */ = {isa = PBXBuildFile; fileRef = FAC1F61D1FADE2CD008EC84A /* ViewController.swift */; };
		FAC1F6211FADE2CD008EC84A /* Main.storyboard in Resources */ = {isa = PBXBuildFile; fileRef = FAC1F61F1FADE2CD008EC84A /* Main.storyboard */; };
		FAC1F6231FADE2CD008EC84A /* Assets.xcassets in Resources */ = {isa = PBXBuildFile; fileRef = FAC1F6221FADE2CD008EC84A /* Assets.xcassets */; };
		FAC1F6261FADE2CD008EC84A /* LaunchScreen.storyboard in Resources */ = {isa = PBXBuildFile; fileRef = FAC1F6241FADE2CD008EC84A /* LaunchScreen.storyboard */; };
/* End PBXBuildFile section */

/* Begin PBXFileReference section */
		257DFDA01FAE62F500D0577D /* Airplane.swift */ = {isa = PBXFileReference; lastKnownFileType = sourcecode.swift; path = Airplane.swift; sourceTree = "<group>"; };
		FAC1F6161FADE2CD008EC84A /* ARFun.app */ = {isa = PBXFileReference; explicitFileType = wrapper.application; includeInIndex = 0; path = ARFun.app; sourceTree = BUILT_PRODUCTS_DIR; };
		FAC1F6191FADE2CD008EC84A /* AppDelegate.swift */ = {isa = PBXFileReference; lastKnownFileType = sourcecode.swift; path = AppDelegate.swift; sourceTree = "<group>"; };
		FAC1F61B1FADE2CD008EC84A /* art.scnassets */ = {isa = PBXFileReference; lastKnownFileType = wrapper.scnassets; path = art.scnassets; sourceTree = "<group>"; };
		FAC1F61D1FADE2CD008EC84A /* ViewController.swift */ = {isa = PBXFileReference; lastKnownFileType = sourcecode.swift; path = ViewController.swift; sourceTree = "<group>"; };
		FAC1F6201FADE2CD008EC84A /* Base */ = {isa = PBXFileReference; lastKnownFileType = file.storyboard; name = Base; path = Base.lproj/Main.storyboard; sourceTree = "<group>"; };
		FAC1F6221FADE2CD008EC84A /* Assets.xcassets */ = {isa = PBXFileReference; lastKnownFileType = folder.assetcatalog; path = Assets.xcassets; sourceTree = "<group>"; };
		FAC1F6251FADE2CD008EC84A /* Base */ = {isa = PBXFileReference; lastKnownFileType = file.storyboard; name = Base; path = Base.lproj/LaunchScreen.storyboard; sourceTree = "<group>"; };
		FAC1F6271FADE2CD008EC84A /* Info.plist */ = {isa = PBXFileReference; lastKnownFileType = text.plist.xml; path = Info.plist; sourceTree = "<group>"; };
/* End PBXFileReference section */

/* Begin PBXFrameworksBuildPhase section */
		FAC1F6131FADE2CD008EC84A /* Frameworks */ = {
			isa = PBXFrameworksBuildPhase;
			buildActionMask = 2147483647;
			files = (
			);
			runOnlyForDeploymentPostprocessing = 0;
		};
/* End PBXFrameworksBuildPhase section */

/* Begin PBXGroup section */
		FAC1F60D1FADE2CD008EC84A = {
			isa = PBXGroup;
			children = (
				FAC1F6181FADE2CD008EC84A /* ARFun */,
				FAC1F6171FADE2CD008EC84A /* Products */,
			);
			sourceTree = "<group>";
		};
		FAC1F6171FADE2CD008EC84A /* Products */ = {
			isa = PBXGroup;
			children = (
				FAC1F6161FADE2CD008EC84A /* ARFun.app */,
			);
			name = Products;
			sourceTree = "<group>";
		};
		FAC1F6181FADE2CD008EC84A /* ARFun */ = {
			isa = PBXGroup;
			children = (
				FAC1F6191FADE2CD008EC84A /* AppDelegate.swift */,
				FAC1F61B1FADE2CD008EC84A /* art.scnassets */,
				FAC1F61D1FADE2CD008EC84A /* ViewController.swift */,
				257DFDA01FAE62F500D0577D /* Airplane.swift */,
				FAC1F61F1FADE2CD008EC84A /* Main.storyboard */,
				FAC1F6221FADE2CD008EC84A /* Assets.xcassets */,
				FAC1F6241FADE2CD008EC84A /* LaunchScreen.storyboard */,
				FAC1F6271FADE2CD008EC84A /* Info.plist */,
			);
			path = ARFun;
			sourceTree = "<group>";
		};
/* End PBXGroup section */

/* Begin PBXNativeTarget section */
		FAC1F6151FADE2CD008EC84A /* ARFun */ = {
			isa = PBXNativeTarget;
			buildConfigurationList = FAC1F62A1FADE2CD008EC84A /* Build configuration list for PBXNativeTarget "ARFun" */;
			buildPhases = (
				FAC1F6121FADE2CD008EC84A /* Sources */,
				FAC1F6131FADE2CD008EC84A /* Frameworks */,
				FAC1F6141FADE2CD008EC84A /* Resources */,
			);
			buildRules = (
			);
			dependencies = (
			);
			name = ARFun;
			productName = ARFun;
			productReference = FAC1F6161FADE2CD008EC84A /* ARFun.app */;
			productType = "com.apple.product-type.application";
		};
/* End PBXNativeTarget section */

/* Begin PBXProject section */
		FAC1F60E1FADE2CD008EC84A /* Project object */ = {
			isa = PBXProject;
			attributes = {
				LastSwiftUpdateCheck = 0910;
				LastUpgradeCheck = 0910;
				ORGANIZATIONNAME = Alex;
				TargetAttributes = {
					FAC1F6151FADE2CD008EC84A = {
						CreatedOnToolsVersion = 9.1;
						ProvisioningStyle = Automatic;
					};
				};
			};
			buildConfigurationList = FAC1F6111FADE2CD008EC84A /* Build configuration list for PBXProject "ARFun" */;
			compatibilityVersion = "Xcode 8.0";
			developmentRegion = en;
			hasScannedForEncodings = 0;
			knownRegions = (
				en,
				Base,
			);
			mainGroup = FAC1F60D1FADE2CD008EC84A;
			productRefGroup = FAC1F6171FADE2CD008EC84A /* Products */;
			projectDirPath = "";
			projectRoot = "";
			targets = (
				FAC1F6151FADE2CD008EC84A /* ARFun */,
			);
		};
/* End PBXProject section */

/* Begin PBXResourcesBuildPhase section */
		FAC1F6141FADE2CD008EC84A /* Resources */ = {
			isa = PBXResourcesBuildPhase;
			buildActionMask = 2147483647;
			files = (
				FAC1F61C1FADE2CD008EC84A /* art.scnassets in Resources */,
				FAC1F6261FADE2CD008EC84A /* LaunchScreen.storyboard in Resources */,
				FAC1F6231FADE2CD008EC84A /* Assets.xcassets in Resources */,
				FAC1F6211FADE2CD008EC84A /* Main.storyboard in Resources */,
			);
			runOnlyForDeploymentPostprocessing = 0;
		};
/* End PBXResourcesBuildPhase section */

/* Begin PBXSourcesBuildPhase section */
		FAC1F6121FADE2CD008EC84A /* Sources */ = {
			isa = PBXSourcesBuildPhase;
			buildActionMask = 2147483647;
			files = (
				FAC1F61E1FADE2CD008EC84A /* ViewController.swift in Sources */,
				FAC1F61A1FADE2CD008EC84A /* AppDelegate.swift in Sources */,
				257DFDA11FAE62F500D0577D /* Airplane.swift in Sources */,
			);
			runOnlyForDeploymentPostprocessing = 0;
		};
/* End PBXSourcesBuildPhase section */

/* Begin PBXVariantGroup section */
		FAC1F61F1FADE2CD008EC84A /* Main.storyboard */ = {
			isa = PBXVariantGroup;
			children = (
				FAC1F6201FADE2CD008EC84A /* Base */,
			);
			name = Main.storyboard;
			sourceTree = "<group>";
		};
		FAC1F6241FADE2CD008EC84A /* LaunchScreen.storyboard */ = {
			isa = PBXVariantGroup;
			children = (
				FAC1F6251FADE2CD008EC84A /* Base */,
			);
			name = LaunchScreen.storyboard;
			sourceTree = "<group>";
		};
/* End PBXVariantGroup section */

/* Begin XCBuildConfiguration section */
		FAC1F6281FADE2CD008EC84A /* Debug */ = {
			isa = XCBuildConfiguration;
			buildSettings = {
				ALWAYS_SEARCH_USER_PATHS = NO;
				CLANG_ANALYZER_NONNULL = YES;
				CLANG_ANALYZER_NUMBER_OBJECT_CONVERSION = YES_AGGRESSIVE;
				CLANG_CXX_LANGUAGE_STANDARD = "gnu++14";
				CLANG_CXX_LIBRARY = "libc++";
				CLANG_ENABLE_MODULES = YES;
				CLANG_ENABLE_OBJC_ARC = YES;
				CLANG_WARN_BLOCK_CAPTURE_AUTORELEASING = YES;
				CLANG_WARN_BOOL_CONVERSION = YES;
				CLANG_WARN_COMMA = YES;
				CLANG_WARN_CONSTANT_CONVERSION = YES;
				CLANG_WARN_DIRECT_OBJC_ISA_USAGE = YES_ERROR;
				CLANG_WARN_DOCUMENTATION_COMMENTS = YES;
				CLANG_WARN_EMPTY_BODY = YES;
				CLANG_WARN_ENUM_CONVERSION = YES;
				CLANG_WARN_INFINITE_RECURSION = YES;
				CLANG_WARN_INT_CONVERSION = YES;
				CLANG_WARN_NON_LITERAL_NULL_CONVERSION = YES;
				CLANG_WARN_OBJC_LITERAL_CONVERSION = YES;
				CLANG_WARN_OBJC_ROOT_CLASS = YES_ERROR;
				CLANG_WARN_RANGE_LOOP_ANALYSIS = YES;
				CLANG_WARN_STRICT_PROTOTYPES = YES;
				CLANG_WARN_SUSPICIOUS_MOVE = YES;
				CLANG_WARN_UNGUARDED_AVAILABILITY = YES_AGGRESSIVE;
				CLANG_WARN_UNREACHABLE_CODE = YES;
				CLANG_WARN__DUPLICATE_METHOD_MATCH = YES;
				CODE_SIGN_IDENTITY = "iPhone Developer";
				COPY_PHASE_STRIP = NO;
				DEBUG_INFORMATION_FORMAT = dwarf;
				ENABLE_STRICT_OBJC_MSGSEND = YES;
				ENABLE_TESTABILITY = YES;
				GCC_C_LANGUAGE_STANDARD = gnu11;
				GCC_DYNAMIC_NO_PIC = NO;
				GCC_NO_COMMON_BLOCKS = YES;
				GCC_OPTIMIZATION_LEVEL = 0;
				GCC_PREPROCESSOR_DEFINITIONS = (
					"DEBUG=1",
					"$(inherited)",
				);
				GCC_WARN_64_TO_32_BIT_CONVERSION = YES;
				GCC_WARN_ABOUT_RETURN_TYPE = YES_ERROR;
				GCC_WARN_UNDECLARED_SELECTOR = YES;
				GCC_WARN_UNINITIALIZED_AUTOS = YES_AGGRESSIVE;
				GCC_WARN_UNUSED_FUNCTION = YES;
				GCC_WARN_UNUSED_VARIABLE = YES;
				IPHONEOS_DEPLOYMENT_TARGET = 11.1;
				MTL_ENABLE_DEBUG_INFO = YES;
				ONLY_ACTIVE_ARCH = YES;
				SDKROOT = iphoneos;
				SWIFT_ACTIVE_COMPILATION_CONDITIONS = DEBUG;
				SWIFT_OPTIMIZATION_LEVEL = "-Onone";
			};
			name = Debug;
		};
		FAC1F6291FADE2CD008EC84A /* Release */ = {
			isa = XCBuildConfiguration;
			buildSettings = {
				ALWAYS_SEARCH_USER_PATHS = NO;
				CLANG_ANALYZER_NONNULL = YES;
				CLANG_ANALYZER_NUMBER_OBJECT_CONVERSION = YES_AGGRESSIVE;
				CLANG_CXX_LANGUAGE_STANDARD = "gnu++14";
				CLANG_CXX_LIBRARY = "libc++";
				CLANG_ENABLE_MODULES = YES;
				CLANG_ENABLE_OBJC_ARC = YES;
				CLANG_WARN_BLOCK_CAPTURE_AUTORELEASING = YES;
				CLANG_WARN_BOOL_CONVERSION = YES;
				CLANG_WARN_COMMA = YES;
				CLANG_WARN_CONSTANT_CONVERSION = YES;
				CLANG_WARN_DIRECT_OBJC_ISA_USAGE = YES_ERROR;
				CLANG_WARN_DOCUMENTATION_COMMENTS = YES;
				CLANG_WARN_EMPTY_BODY = YES;
				CLANG_WARN_ENUM_CONVERSION = YES;
				CLANG_WARN_INFINITE_RECURSION = YES;
				CLANG_WARN_INT_CONVERSION = YES;
				CLANG_WARN_NON_LITERAL_NULL_CONVERSION = YES;
				CLANG_WARN_OBJC_LITERAL_CONVERSION = YES;
				CLANG_WARN_OBJC_ROOT_CLASS = YES_ERROR;
				CLANG_WARN_RANGE_LOOP_ANALYSIS = YES;
				CLANG_WARN_STRICT_PROTOTYPES = YES;
				CLANG_WARN_SUSPICIOUS_MOVE = YES;
				CLANG_WARN_UNGUARDED_AVAILABILITY = YES_AGGRESSIVE;
				CLANG_WARN_UNREACHABLE_CODE = YES;
				CLANG_WARN__DUPLICATE_METHOD_MATCH = YES;
				CODE_SIGN_IDENTITY = "iPhone Developer";
				COPY_PHASE_STRIP = NO;
				DEBUG_INFORMATION_FORMAT = "dwarf-with-dsym";
				ENABLE_NS_ASSERTIONS = NO;
				ENABLE_STRICT_OBJC_MSGSEND = YES;
				GCC_C_LANGUAGE_STANDARD = gnu11;
				GCC_NO_COMMON_BLOCKS = YES;
				GCC_WARN_64_TO_32_BIT_CONVERSION = YES;
				GCC_WARN_ABOUT_RETURN_TYPE = YES_ERROR;
				GCC_WARN_UNDECLARED_SELECTOR = YES;
				GCC_WARN_UNINITIALIZED_AUTOS = YES_AGGRESSIVE;
				GCC_WARN_UNUSED_FUNCTION = YES;
				GCC_WARN_UNUSED_VARIABLE = YES;
				IPHONEOS_DEPLOYMENT_TARGET = 11.1;
				MTL_ENABLE_DEBUG_INFO = NO;
				SDKROOT = iphoneos;
				SWIFT_OPTIMIZATION_LEVEL = "-Owholemodule";
				VALIDATE_PRODUCT = YES;
			};
			name = Release;
		};
		FAC1F62B1FADE2CD008EC84A /* Debug */ = {
			isa = XCBuildConfiguration;
			buildSettings = {
				ASSETCATALOG_COMPILER_APPICON_NAME = AppIcon;
				CODE_SIGN_STYLE = Automatic;
				DEVELOPMENT_TEAM = P9M5SZ6UKW;
				INFOPLIST_FILE = ARFun/Info.plist;
				IPHONEOS_DEPLOYMENT_TARGET = 11.0;
				LD_RUNPATH_SEARCH_PATHS = "$(inherited) @executable_path/Frameworks";
				PRODUCT_BUNDLE_IDENTIFIER = com.ARFun;
				PRODUCT_NAME = "$(TARGET_NAME)";
				SWIFT_VERSION = 4.0;
				TARGETED_DEVICE_FAMILY = "1,2";
			};
			name = Debug;
		};
		FAC1F62C1FADE2CD008EC84A /* Release */ = {
			isa = XCBuildConfiguration;
			buildSettings = {
				ASSETCATALOG_COMPILER_APPICON_NAME = AppIcon;
				CODE_SIGN_STYLE = Automatic;
				DEVELOPMENT_TEAM = P9M5SZ6UKW;
				INFOPLIST_FILE = ARFun/Info.plist;
				IPHONEOS_DEPLOYMENT_TARGET = 11.0;
				LD_RUNPATH_SEARCH_PATHS = "$(inherited) @executable_path/Frameworks";
				PRODUCT_BUNDLE_IDENTIFIER = com.ARFun;
				PRODUCT_NAME = "$(TARGET_NAME)";
				SWIFT_VERSION = 4.0;
				TARGETED_DEVICE_FAMILY = "1,2";
			};
			name = Release;
		};
/* End XCBuildConfiguration section */

/* Begin XCConfigurationList section */
		FAC1F6111FADE2CD008EC84A /* Build configuration list for PBXProject "ARFun" */ = {
			isa = XCConfigurationList;
			buildConfigurations = (
				FAC1F6281FADE2CD008EC84A /* Debug */,
				FAC1F6291FADE2CD008EC84A /* Release */,
			);
			defaultConfigurationIsVisible = 0;
			defaultConfigurationName = Release;
		};
		FAC1F62A1FADE2CD008EC84A /* Build configuration list for PBXNativeTarget "ARFun" */ = {
			isa = XCConfigurationList;
			buildConfigurations = (
				FAC1F62B1FADE2CD008EC84A /* Debug */,
				FAC1F62C1FADE2CD008EC84A /* Release */,
			);
			defaultConfigurationIsVisible = 0;
			defaultConfigurationName = Release;
		};
/* End XCConfigurationList section */
	};
	rootObject = FAC1F60E1FADE2CD008EC84A /* Project object */;
}
